{
  "version": 4,
  "terraform_version": "0.13.2",
  "serial": 24,
  "lineage": "07dca292-20c3-d26b-a157-99e8fb6c60d0",
  "outputs": {},
  "resources": [
    {
      "module": "module.cloudsql",
      "mode": "managed",
      "type": "google_compute_global_address",
      "name": "private_ip_address",
      "provider": "provider[\"registry.terraform.io/hashicorp/google-beta\"]",
      "instances": [
        {
          "schema_version": 0,
          "attributes": {
            "address": "10.71.0.0",
            "address_type": "INTERNAL",
            "creation_timestamp": "2020-09-30T03:46:26.263-07:00",
            "description": "",
            "id": "projects/vadim-fedorenko-internship/global/addresses/private-ip",
            "ip_version": "",
            "label_fingerprint": "42WmSpB8rSM=",
            "labels": {},
            "name": "private-ip",
            "network": "https://www.googleapis.com/compute/v1/projects/vadim-fedorenko-internship/global/networks/dev-vpc",
            "prefix_length": 16,
            "project": "vadim-fedorenko-internship",
            "purpose": "VPC_PEERING",
            "self_link": "https://www.googleapis.com/compute/v1/projects/vadim-fedorenko-internship/global/addresses/private-ip",
            "timeouts": null
          },
          "private": "eyJlMmJmYjczMC1lY2FhLTExZTYtOGY4OC0zNDM2M2JjN2M0YzAiOnsiY3JlYXRlIjoyNDAwMDAwMDAwMDAsImRlbGV0ZSI6MjQwMDAwMDAwMDAwLCJ1cGRhdGUiOjI0MDAwMDAwMDAwMH19"
        }
      ]
    },
    {
      "module": "module.cloudsql",
      "mode": "managed",
      "type": "google_service_networking_connection",
      "name": "private_vpc_connection",
      "provider": "provider[\"registry.terraform.io/hashicorp/google-beta\"]",
      "instances": [
        {
          "schema_version": 0,
          "attributes": {
            "id": "dev-vpc:servicenetworking.googleapis.com",
            "network": "dev-vpc",
            "peering": "servicenetworking-googleapis-com",
            "reserved_peering_ranges": [
              "private-ip"
            ],
            "service": "servicenetworking.googleapis.com",
            "timeouts": null
          },
          "private": "eyJlMmJmYjczMC1lY2FhLTExZTYtOGY4OC0zNDM2M2JjN2M0YzAiOnsiY3JlYXRlIjo2MDAwMDAwMDAwMDAsImRlbGV0ZSI6NjAwMDAwMDAwMDAwLCJ1cGRhdGUiOjYwMDAwMDAwMDAwMH19",
          "dependencies": [
            "module.cloudsql.google_compute_global_address.private_ip_address"
          ]
        }
      ]
    },
    {
      "module": "module.cloudsql",
      "mode": "managed",
      "type": "google_sql_database_instance",
      "name": "instance",
      "provider": "provider[\"registry.terraform.io/hashicorp/google-beta\"]",
      "instances": [
        {
          "schema_version": 0,
          "attributes": {
            "connection_name": "vadim-fedorenko-internship:us-central1:dev-mysql",
            "database_version": "MYSQL_5_7",
            "encryption_key_name": null,
            "first_ip_address": "10.71.0.3",
            "id": "dev-mysql",
            "ip_address": [
              {
                "ip_address": "10.71.0.3",
                "time_to_retire": "",
                "type": "PRIVATE"
              }
            ],
            "master_instance_name": "",
            "name": "dev-mysql",
            "private_ip_address": "10.71.0.3",
            "project": "vadim-fedorenko-internship",
            "public_ip_address": "",
            "region": "us-central1",
            "replica_configuration": [],
            "root_password": null,
            "self_link": "https://sqladmin.googleapis.com/sql/v1beta4/projects/vadim-fedorenko-internship/instances/dev-mysql",
            "server_ca_cert": [
              {
                "cert": "-----BEGIN CERTIFICATE-----\nMIIDfzCCAmegAwIBAgIBADANBgkqhkiG9w0BAQsFADB3MS0wKwYDVQQuEyRjZWY0\nODk3MC05MTU1LTQ1NTktODYxMy03YzJlYTA4NDdlYTkxIzAhBgNVBAMTGkdvb2ds\nZSBDbG91ZCBTUUwgU2VydmVyIENBMRQwEgYDVQQKEwtHb29nbGUsIEluYzELMAkG\nA1UEBhMCVVMwHhcNMjAwOTMwMTIzNTU2WhcNMzAwOTI4MTIzNjU2WjB3MS0wKwYD\nVQQuEyRjZWY0ODk3MC05MTU1LTQ1NTktODYxMy03YzJlYTA4NDdlYTkxIzAhBgNV\nBAMTGkdvb2dsZSBDbG91ZCBTUUwgU2VydmVyIENBMRQwEgYDVQQKEwtHb29nbGUs\nIEluYzELMAkGA1UEBhMCVVMwggEiMA0GCSqGSIb3DQEBAQUAA4IBDwAwggEKAoIB\nAQCDMOOUcrA2IAup11MSFKinZjSD1vq5siUuCh0fhEg0EXu/PPy3BUimXTeOh2yM\nN2z6tSZ1Bxh2j6c9AetpLkQC6jIgRe9CQTSkkePlZMt1otJoIUpkDJ5aR7vses9v\nSAkA9eqYlKev4oldLqxnn7PZkSPLX4Zn07ALaK+nviNmHNnk6FWDqZM3UdGLZDod\nAGa2outn2k0ha+AzYanO5CMxna5r8jOzjw//r9alg7PVbdAu4KNOUx5vVhcbD2zO\nrN7/nfdAbGb0fBkz7DSoGUjQq6n9F7qiVDYE3kA1d4a6hHHLQxO1Ae9r8ndogq6C\nmfVf0uFkLXSLd9EbH5wGrIUJAgMBAAGjFjAUMBIGA1UdEwEB/wQIMAYBAf8CAQAw\nDQYJKoZIhvcNAQELBQADggEBAEFXA46WVNsi7Q1WkNu+vYKsQvbRwoek25A/jvjj\nazXAYyiO+h8ASMBSPd6ICrx9/S1F5tJVBsaU8lkqJHRMtrvrPAapZxsd//QHnlot\nv/h0wcpYcx50lFdjEPTcYxWXr+Wk5uUq4hzs6oxcfGapije+UCcRUt3wn/ep5nVy\nAvmr5F4Q+CJn3zSiar1C5PXReNumWhoa6gGmWZ6x1JpYwQX8OFgT9x5+NP6XY+zv\n2aFVesam668LjG/BbjeWoMATnyzy/ah5jmC2flPJOPaAKCJG9fWNqf69gfhWFNc8\nhN7voBFKZvzFomN3jC7/kXUkbro7oe5WUfSoSwpXEgyuJ8Q=\n-----END CERTIFICATE-----",
                "common_name": "C=US,O=Google\\, Inc,CN=Google Cloud SQL Server CA,dnQualifier=cef48970-9155-4559-8613-7c2ea0847ea9",
                "create_time": "2020-09-30T12:35:56.248Z",
                "expiration_time": "2030-09-28T12:36:56.248Z",
                "sha1_fingerprint": "11b85cbfbd4c05fe744c4b7bda743bdaca953be4"
              }
            ],
            "service_account_email_address": "p512666799839-1sgoxz@gcp-sa-cloud-sql.iam.gserviceaccount.com",
            "settings": [
              {
                "activation_policy": "ALWAYS",
                "authorized_gae_applications": null,
                "availability_type": "",
                "backup_configuration": [
                  {
                    "binary_log_enabled": false,
                    "enabled": false,
                    "location": "",
                    "point_in_time_recovery_enabled": false,
                    "start_time": "10:00"
                  }
                ],
                "crash_safe_replication": false,
                "database_flags": [],
                "disk_autoresize": true,
                "disk_size": 10,
                "disk_type": "PD_SSD",
                "ip_configuration": [
                  {
                    "authorized_networks": [],
                    "ipv4_enabled": false,
                    "private_network": "projects/vadim-fedorenko-internship/global/networks/dev-vpc",
                    "require_ssl": false
                  }
                ],
                "location_preference": [
                  {
                    "follow_gae_application": "",
                    "zone": "us-central1-a"
                  }
                ],
                "maintenance_window": [],
                "pricing_plan": "PER_USE",
                "replication_type": "SYNCHRONOUS",
                "tier": "db-custom-1-3840",
                "user_labels": null,
                "version": 1
              }
            ],
            "timeouts": null
          },
          "private": "eyJlMmJmYjczMC1lY2FhLTExZTYtOGY4OC0zNDM2M2JjN2M0YzAiOnsiY3JlYXRlIjoxMjAwMDAwMDAwMDAwLCJkZWxldGUiOjEyMDAwMDAwMDAwMDAsInVwZGF0ZSI6MTIwMDAwMDAwMDAwMH19",
          "dependencies": [
            "module.cloudsql.google_compute_global_address.private_ip_address",
            "module.cloudsql.google_service_networking_connection.private_vpc_connection"
          ]
        }
      ]
    },
    {
      "module": "module.cloudsql",
      "mode": "managed",
      "type": "google_sql_user",
      "name": "users",
      "provider": "provider[\"registry.terraform.io/hashicorp/google\"]",
      "instances": [
        {
          "schema_version": 1,
          "attributes": {
            "host": "",
            "id": "DB_USER//dev-mysql",
            "instance": "dev-mysql",
            "name": "DB_USER",
            "password": "DB_PASSWORD",
            "project": "vadim-fedorenko-internship",
            "timeouts": null
          },
          "private": "eyJlMmJmYjczMC1lY2FhLTExZTYtOGY4OC0zNDM2M2JjN2M0YzAiOnsiY3JlYXRlIjo2MDAwMDAwMDAwMDAsImRlbGV0ZSI6NjAwMDAwMDAwMDAwLCJ1cGRhdGUiOjYwMDAwMDAwMDAwMH0sInNjaGVtYV92ZXJzaW9uIjoiMSJ9",
          "dependencies": [
            "module.cloudsql.google_compute_global_address.private_ip_address",
            "module.cloudsql.google_service_networking_connection.private_vpc_connection",
            "module.cloudsql.google_sql_database_instance.instance"
          ]
        }
      ]
    },
    {
      "module": "module.gke.module.gke",
      "mode": "data",
      "type": "google_client_config",
      "name": "default",
      "provider": "provider[\"registry.terraform.io/hashicorp/google\"]",
      "instances": [
        {
          "schema_version": 0,
          "attributes": {
            "access_token": "ya29.c.KpgB3wfTC3rXs6N6ZqJTni9pA92SiitvbedsqADGG6mv7oCKVuy_1YXd8efS8BkH1HogJwBBIfo92hQvrcDcjcN7M2vtCbXOIr2SS21gX_RwGA3xs3eppw1rs_CxDwqxtxrz5dQ0QpG1x2yy6Y_uM-C9UgE9EGsXCByNeuGBvBwxVaTqno85I4tqzbo7tTshZs5s1Squu7KWufk",
            "id": "2020-09-30 12:31:36.755325 +0000 UTC",
            "project": "vadim-fedorenko-internship",
            "region": "us-central1",
            "zone": "us-central1-c"
          }
        }
      ]
    },
    {
      "module": "module.gke.module.gke",
      "mode": "data",
      "type": "google_compute_zones",
      "name": "available",
      "provider": "provider[\"registry.terraform.io/hashicorp/google\"]",
      "instances": [
        {
          "schema_version": 0,
          "attributes": {
            "id": "2020-09-30 12:31:37.646006 +0000 UTC",
            "names": [
              "us-central1-a",
              "us-central1-b",
              "us-central1-c",
              "us-central1-f"
            ],
            "project": "vadim-fedorenko-internship",
            "region": "us-central1",
            "status": null
          }
        }
      ]
    },
    {
      "module": "module.gke.module.gke",
      "mode": "data",
      "type": "google_container_engine_versions",
      "name": "region",
      "provider": "provider[\"registry.terraform.io/hashicorp/google\"]",
      "instances": [
        {
          "schema_version": 0,
          "attributes": {
            "default_cluster_version": "1.15.12-gke.20",
            "id": "2020-09-30 12:31:37.509611 +0000 UTC",
            "latest_master_version": "1.17.9-gke.6300",
            "latest_node_version": "1.17.9-gke.6300",
            "location": "us-central1",
            "project": "vadim-fedorenko-internship",
            "release_channel_default_version": {
              "RAPID": "1.18.6-gke.4801",
              "REGULAR": "1.16.13-gke.401",
              "STABLE": "1.15.12-gke.20"
            },
            "valid_master_versions": [
              "1.17.9-gke.6300",
              "1.17.9-gke.1504",
              "1.16.13-gke.401",
              "1.16.13-gke.400",
              "1.16.13-gke.1",
              "1.15.12-gke.20",
              "1.15.12-gke.17",
              "1.15.12-gke.16",
              "1.15.12-gke.13",
              "1.15.12-gke.9",
              "1.15.12-gke.2",
              "1.14.10-gke.50"
            ],
            "valid_node_versions": [
              "1.17.9-gke.6300",
              "1.17.9-gke.1504",
              "1.16.13-gke.401",
              "1.16.13-gke.400",
              "1.16.13-gke.1",
              "1.16.11-gke.5",
              "1.16.10-gke.8",
              "1.16.9-gke.6",
              "1.16.9-gke.2",
              "1.16.8-gke.15",
              "1.16.8-gke.12",
              "1.16.8-gke.9",
              "1.15.12-gke.20",
              "1.15.12-gke.17",
              "1.15.12-gke.16",
              "1.15.12-gke.13",
              "1.15.12-gke.9",
              "1.15.12-gke.6",
              "1.15.12-gke.3",
              "1.15.12-gke.2",
              "1.15.11-gke.17",
              "1.15.11-gke.15",
              "1.15.11-gke.13",
              "1.15.11-gke.12",
              "1.15.11-gke.11",
              "1.15.11-gke.9",
              "1.15.11-gke.5",
              "1.15.11-gke.3",
              "1.15.11-gke.1",
              "1.15.9-gke.26",
              "1.15.9-gke.24",
              "1.15.9-gke.22",
              "1.15.9-gke.12",
              "1.15.9-gke.9",
              "1.15.9-gke.8",
              "1.15.8-gke.3",
              "1.15.8-gke.2",
              "1.15.7-gke.23",
              "1.15.7-gke.2",
              "1.15.4-gke.22",
              "1.14.10-gke.50",
              "1.14.10-gke.46",
              "1.14.10-gke.45",
              "1.14.10-gke.42",
              "1.14.10-gke.41",
              "1.14.10-gke.40",
              "1.14.10-gke.37",
              "1.14.10-gke.36",
              "1.14.10-gke.34",
              "1.14.10-gke.32",
              "1.14.10-gke.31",
              "1.14.10-gke.27",
              "1.14.10-gke.24",
              "1.14.10-gke.22",
              "1.14.10-gke.21",
              "1.14.10-gke.17",
              "1.14.10-gke.0",
              "1.14.9-gke.23",
              "1.14.9-gke.2",
              "1.14.9-gke.0",
              "1.14.8-gke.33",
              "1.14.8-gke.21",
              "1.14.8-gke.18",
              "1.14.8-gke.17",
              "1.14.8-gke.14",
              "1.14.8-gke.12",
              "1.14.8-gke.7",
              "1.14.8-gke.2",
              "1.14.7-gke.40",
              "1.14.7-gke.25",
              "1.14.7-gke.23",
              "1.14.7-gke.17",
              "1.14.7-gke.14",
              "1.14.7-gke.10",
              "1.14.6-gke.13",
              "1.14.6-gke.2",
              "1.14.6-gke.1",
              "1.14.3-gke.11",
              "1.14.3-gke.10",
              "1.14.3-gke.9",
              "1.14.2-gke.9",
              "1.14.1-gke.5",
              "1.13.12-gke.30",
              "1.13.12-gke.25",
              "1.13.12-gke.17",
              "1.13.12-gke.16",
              "1.13.12-gke.14",
              "1.13.12-gke.13",
              "1.13.12-gke.10",
              "1.13.12-gke.8",
              "1.13.12-gke.4",
              "1.13.12-gke.2",
              "1.13.11-gke.23",
              "1.13.11-gke.15",
              "1.13.11-gke.14",
              "1.13.11-gke.12",
              "1.13.11-gke.11",
              "1.13.11-gke.9",
              "1.13.11-gke.5",
              "1.13.10-gke.7",
              "1.13.10-gke.0",
              "1.13.9-gke.11",
              "1.13.9-gke.3",
              "1.13.7-gke.24",
              "1.13.7-gke.19",
              "1.13.7-gke.15",
              "1.13.7-gke.8",
              "1.13.7-gke.0",
              "1.13.6-gke.13",
              "1.13.6-gke.6",
              "1.13.6-gke.5",
              "1.13.6-gke.0",
              "1.13.5-gke.10",
              "1.12.10-gke.22",
              "1.12.10-gke.20",
              "1.12.10-gke.19",
              "1.12.10-gke.18",
              "1.12.10-gke.17",
              "1.12.10-gke.15",
              "1.12.10-gke.13",
              "1.12.10-gke.11",
              "1.12.10-gke.5",
              "1.12.9-gke.16",
              "1.12.9-gke.15",
              "1.12.9-gke.13",
              "1.12.9-gke.10",
              "1.12.9-gke.7",
              "1.12.9-gke.3",
              "1.12.8-gke.12",
              "1.12.8-gke.10",
              "1.12.8-gke.7",
              "1.12.8-gke.6",
              "1.12.7-gke.26",
              "1.12.7-gke.25",
              "1.12.7-gke.24",
              "1.12.7-gke.22",
              "1.12.7-gke.21",
              "1.12.7-gke.17",
              "1.12.7-gke.10",
              "1.12.7-gke.7",
              "1.12.6-gke.11",
              "1.12.6-gke.10",
              "1.12.6-gke.7",
              "1.12.5-gke.10",
              "1.12.5-gke.5",
              "1.11.10-gke.6",
              "1.11.10-gke.5",
              "1.11.10-gke.4",
              "1.11.9-gke.13",
              "1.11.9-gke.8",
              "1.11.9-gke.5",
              "1.11.8-gke.10",
              "1.11.8-gke.6",
              "1.11.8-gke.5",
              "1.11.8-gke.4",
              "1.11.7-gke.18",
              "1.11.7-gke.12",
              "1.11.7-gke.6",
              "1.11.7-gke.4",
              "1.11.6-gke.16",
              "1.11.6-gke.11",
              "1.11.6-gke.6",
              "1.11.6-gke.3",
              "1.11.6-gke.2",
              "1.11.6-gke.0",
              "1.11.5-gke.5",
              "1.11.5-gke.4",
              "1.11.4-gke.13",
              "1.11.4-gke.12",
              "1.11.4-gke.8",
              "1.11.3-gke.24",
              "1.11.3-gke.23",
              "1.11.3-gke.18",
              "1.11.2-gke.26",
              "1.11.2-gke.25",
              "1.11.2-gke.20",
              "1.11.2-gke.18",
              "1.11.2-gke.15",
              "1.11.2-gke.9",
              "1.10.12-gke.14",
              "1.10.12-gke.9",
              "1.10.12-gke.7",
              "1.10.12-gke.1",
              "1.10.12-gke.0",
              "1.10.11-gke.1",
              "1.10.9-gke.7",
              "1.10.9-gke.5",
              "1.10.9-gke.3",
              "1.10.9-gke.0",
              "1.10.7-gke.13",
              "1.10.7-gke.11",
              "1.10.7-gke.9",
              "1.10.7-gke.6",
              "1.10.7-gke.2",
              "1.10.7-gke.1",
              "1.10.6-gke.13",
              "1.10.6-gke.11",
              "1.10.6-gke.9",
              "1.10.6-gke.6",
              "1.10.6-gke.4",
              "1.10.6-gke.3",
              "1.10.6-gke.2",
              "1.10.6-gke.1",
              "1.10.5-gke.4",
              "1.10.5-gke.3",
              "1.10.5-gke.2",
              "1.10.5-gke.0",
              "1.10.4-gke.3",
              "1.10.4-gke.2",
              "1.10.4-gke.0",
              "1.10.2-gke.4",
              "1.10.2-gke.3",
              "1.10.2-gke.1",
              "1.9.7-gke.11",
              "1.9.7-gke.7",
              "1.9.7-gke.6",
              "1.9.7-gke.5",
              "1.9.7-gke.4",
              "1.9.7-gke.3",
              "1.9.7-gke.1",
              "1.9.7-gke.0",
              "1.9.6-gke.2",
              "1.9.6-gke.1",
              "1.9.3-gke.0",
              "1.8.12-gke.3",
              "1.8.12-gke.2",
              "1.8.12-gke.1",
              "1.8.12-gke.0",
              "1.8.10-gke.2",
              "1.8.10-gke.0",
              "1.8.9-gke.1",
              "1.8.8-gke.0",
              "1.7.15-gke.0",
              "1.7.12-gke.2",
              "1.6.13-gke.1"
            ],
            "version_prefix": null
          }
        }
      ]
    },
    {
      "module": "module.gke.module.gke",
      "mode": "data",
      "type": "google_container_engine_versions",
      "name": "zone",
      "provider": "provider[\"registry.terraform.io/hashicorp/google\"]",
      "instances": [
        {
          "schema_version": 0,
          "attributes": {
            "default_cluster_version": "1.15.12-gke.20",
            "id": "2020-09-30 12:31:38.045607 +0000 UTC",
            "latest_master_version": "1.17.9-gke.6300",
            "latest_node_version": "1.17.9-gke.6300",
            "location": "us-central1-c",
            "project": "vadim-fedorenko-internship",
            "release_channel_default_version": {
              "RAPID": "1.18.6-gke.4801",
              "REGULAR": "1.16.13-gke.401",
              "STABLE": "1.15.12-gke.20"
            },
            "valid_master_versions": [
              "1.17.9-gke.6300",
              "1.17.9-gke.1504",
              "1.16.13-gke.401",
              "1.16.13-gke.400",
              "1.16.13-gke.1",
              "1.15.12-gke.20",
              "1.15.12-gke.17",
              "1.15.12-gke.16",
              "1.15.12-gke.13",
              "1.15.12-gke.9",
              "1.15.12-gke.2",
              "1.14.10-gke.50"
            ],
            "valid_node_versions": [
              "1.17.9-gke.6300",
              "1.17.9-gke.1504",
              "1.16.13-gke.401",
              "1.16.13-gke.400",
              "1.16.13-gke.1",
              "1.16.11-gke.5",
              "1.16.10-gke.8",
              "1.16.9-gke.6",
              "1.16.9-gke.2",
              "1.16.8-gke.15",
              "1.16.8-gke.12",
              "1.16.8-gke.9",
              "1.15.12-gke.20",
              "1.15.12-gke.17",
              "1.15.12-gke.16",
              "1.15.12-gke.13",
              "1.15.12-gke.9",
              "1.15.12-gke.6",
              "1.15.12-gke.3",
              "1.15.12-gke.2",
              "1.15.11-gke.17",
              "1.15.11-gke.15",
              "1.15.11-gke.13",
              "1.15.11-gke.12",
              "1.15.11-gke.11",
              "1.15.11-gke.9",
              "1.15.11-gke.5",
              "1.15.11-gke.3",
              "1.15.11-gke.1",
              "1.15.9-gke.26",
              "1.15.9-gke.24",
              "1.15.9-gke.22",
              "1.15.9-gke.12",
              "1.15.9-gke.9",
              "1.15.9-gke.8",
              "1.15.8-gke.3",
              "1.15.8-gke.2",
              "1.15.7-gke.23",
              "1.15.7-gke.2",
              "1.15.4-gke.22",
              "1.14.10-gke.50",
              "1.14.10-gke.46",
              "1.14.10-gke.45",
              "1.14.10-gke.42",
              "1.14.10-gke.41",
              "1.14.10-gke.40",
              "1.14.10-gke.37",
              "1.14.10-gke.36",
              "1.14.10-gke.34",
              "1.14.10-gke.32",
              "1.14.10-gke.31",
              "1.14.10-gke.27",
              "1.14.10-gke.24",
              "1.14.10-gke.22",
              "1.14.10-gke.21",
              "1.14.10-gke.17",
              "1.14.10-gke.0",
              "1.14.9-gke.23",
              "1.14.9-gke.2",
              "1.14.9-gke.0",
              "1.14.8-gke.33",
              "1.14.8-gke.21",
              "1.14.8-gke.18",
              "1.14.8-gke.17",
              "1.14.8-gke.14",
              "1.14.8-gke.12",
              "1.14.8-gke.7",
              "1.14.8-gke.2",
              "1.14.7-gke.40",
              "1.14.7-gke.25",
              "1.14.7-gke.23",
              "1.14.7-gke.17",
              "1.14.7-gke.14",
              "1.14.7-gke.10",
              "1.14.6-gke.13",
              "1.14.6-gke.2",
              "1.14.6-gke.1",
              "1.14.3-gke.11",
              "1.14.3-gke.10",
              "1.14.3-gke.9",
              "1.14.2-gke.9",
              "1.14.1-gke.5",
              "1.13.12-gke.30",
              "1.13.12-gke.25",
              "1.13.12-gke.17",
              "1.13.12-gke.16",
              "1.13.12-gke.14",
              "1.13.12-gke.13",
              "1.13.12-gke.10",
              "1.13.12-gke.8",
              "1.13.12-gke.4",
              "1.13.12-gke.2",
              "1.13.11-gke.23",
              "1.13.11-gke.15",
              "1.13.11-gke.14",
              "1.13.11-gke.12",
              "1.13.11-gke.11",
              "1.13.11-gke.9",
              "1.13.11-gke.5",
              "1.13.10-gke.7",
              "1.13.10-gke.0",
              "1.13.9-gke.11",
              "1.13.9-gke.3",
              "1.13.7-gke.24",
              "1.13.7-gke.19",
              "1.13.7-gke.15",
              "1.13.7-gke.8",
              "1.13.7-gke.0",
              "1.13.6-gke.13",
              "1.13.6-gke.6",
              "1.13.6-gke.5",
              "1.13.6-gke.0",
              "1.13.5-gke.10",
              "1.12.10-gke.22",
              "1.12.10-gke.20",
              "1.12.10-gke.19",
              "1.12.10-gke.18",
              "1.12.10-gke.17",
              "1.12.10-gke.15",
              "1.12.10-gke.13",
              "1.12.10-gke.11",
              "1.12.10-gke.5",
              "1.12.9-gke.16",
              "1.12.9-gke.15",
              "1.12.9-gke.13",
              "1.12.9-gke.10",
              "1.12.9-gke.7",
              "1.12.9-gke.3",
              "1.12.8-gke.12",
              "1.12.8-gke.10",
              "1.12.8-gke.7",
              "1.12.8-gke.6",
              "1.12.7-gke.26",
              "1.12.7-gke.25",
              "1.12.7-gke.24",
              "1.12.7-gke.22",
              "1.12.7-gke.21",
              "1.12.7-gke.17",
              "1.12.7-gke.10",
              "1.12.7-gke.7",
              "1.12.6-gke.11",
              "1.12.6-gke.10",
              "1.12.6-gke.7",
              "1.12.5-gke.10",
              "1.12.5-gke.5",
              "1.11.10-gke.6",
              "1.11.10-gke.5",
              "1.11.10-gke.4",
              "1.11.9-gke.13",
              "1.11.9-gke.8",
              "1.11.9-gke.5",
              "1.11.8-gke.10",
              "1.11.8-gke.6",
              "1.11.8-gke.5",
              "1.11.8-gke.4",
              "1.11.7-gke.18",
              "1.11.7-gke.12",
              "1.11.7-gke.6",
              "1.11.7-gke.4",
              "1.11.6-gke.16",
              "1.11.6-gke.11",
              "1.11.6-gke.6",
              "1.11.6-gke.3",
              "1.11.6-gke.2",
              "1.11.6-gke.0",
              "1.11.5-gke.5",
              "1.11.5-gke.4",
              "1.11.4-gke.13",
              "1.11.4-gke.12",
              "1.11.4-gke.8",
              "1.11.3-gke.24",
              "1.11.3-gke.23",
              "1.11.3-gke.18",
              "1.11.2-gke.26",
              "1.11.2-gke.25",
              "1.11.2-gke.20",
              "1.11.2-gke.18",
              "1.11.2-gke.15",
              "1.11.2-gke.9",
              "1.10.12-gke.14",
              "1.10.12-gke.9",
              "1.10.12-gke.7",
              "1.10.12-gke.1",
              "1.10.12-gke.0",
              "1.10.11-gke.1",
              "1.10.9-gke.7",
              "1.10.9-gke.5",
              "1.10.9-gke.3",
              "1.10.9-gke.0",
              "1.10.7-gke.13",
              "1.10.7-gke.11",
              "1.10.7-gke.9",
              "1.10.7-gke.6",
              "1.10.7-gke.2",
              "1.10.7-gke.1",
              "1.10.6-gke.13",
              "1.10.6-gke.11",
              "1.10.6-gke.9",
              "1.10.6-gke.6",
              "1.10.6-gke.4",
              "1.10.6-gke.3",
              "1.10.6-gke.2",
              "1.10.6-gke.1",
              "1.10.5-gke.4",
              "1.10.5-gke.3",
              "1.10.5-gke.2",
              "1.10.5-gke.0",
              "1.10.4-gke.3",
              "1.10.4-gke.2",
              "1.10.4-gke.0",
              "1.10.2-gke.4",
              "1.10.2-gke.3",
              "1.10.2-gke.1",
              "1.9.7-gke.11",
              "1.9.7-gke.7",
              "1.9.7-gke.6",
              "1.9.7-gke.5",
              "1.9.7-gke.4",
              "1.9.7-gke.3",
              "1.9.7-gke.1",
              "1.9.7-gke.0",
              "1.9.6-gke.2",
              "1.9.6-gke.1",
              "1.9.3-gke.0",
              "1.8.12-gke.3",
              "1.8.12-gke.2",
              "1.8.12-gke.1",
              "1.8.12-gke.0",
              "1.8.10-gke.2",
              "1.8.10-gke.0",
              "1.8.9-gke.1",
              "1.8.8-gke.0",
              "1.7.15-gke.0",
              "1.7.12-gke.2",
              "1.6.13-gke.1"
            ],
            "version_prefix": null
          }
        }
      ]
    },
    {
      "module": "module.gke.module.gke",
      "mode": "managed",
      "type": "google_container_cluster",
      "name": "primary",
      "provider": "provider[\"registry.terraform.io/hashicorp/google\"]",
      "instances": [
        {
          "schema_version": 1,
          "attributes": {
            "addons_config": [
              {
                "cloudrun_config": [],
                "horizontal_pod_autoscaling": [
                  {
                    "disabled": false
                  }
                ],
                "http_load_balancing": [
                  {
                    "disabled": false
                  }
                ],
                "network_policy_config": [
                  {
                    "disabled": false
                  }
                ]
              }
            ],
            "authenticator_groups_config": [],
            "cluster_autoscaling": [
              {
                "auto_provisioning_defaults": [],
                "enabled": false,
                "resource_limits": []
              }
            ],
            "cluster_ipv4_cidr": "10.184.0.0/14",
            "database_encryption": [
              {
                "key_name": "",
                "state": "DECRYPTED"
              }
            ],
            "default_max_pods_per_node": 110,
            "description": "",
            "enable_binary_authorization": false,
            "enable_intranode_visibility": null,
            "enable_kubernetes_alpha": false,
            "enable_legacy_abac": false,
            "enable_shielded_nodes": false,
            "enable_tpu": null,
            "endpoint": "23.236.51.24",
            "id": "projects/vadim-fedorenko-internship/locations/us-central1/clusters/dev-cluster",
            "initial_node_count": 0,
            "instance_group_urls": [
              "https://www.googleapis.com/compute/v1/projects/vadim-fedorenko-internship/zones/us-central1-c/instanceGroups/gke-dev-cluster-dev-node-pool-1ac07aeb-grp"
            ],
            "ip_allocation_policy": [
              {
                "cluster_ipv4_cidr_block": "10.184.0.0/14",
                "cluster_secondary_range_name": "dev-subnet-pods",
                "services_ipv4_cidr_block": "10.188.0.0/20",
                "services_secondary_range_name": "dev-subnet-services"
              }
            ],
            "label_fingerprint": "a9dc16a7",
            "location": "us-central1",
            "logging_service": "logging.googleapis.com/kubernetes",
            "maintenance_policy": [
              {
                "daily_maintenance_window": [
                  {
                    "duration": "PT4H0M0S",
                    "start_time": "05:00"
                  }
                ],
                "recurring_window": []
              }
            ],
            "master_auth": [
              {
                "client_certificate": "",
                "client_certificate_config": [
                  {
                    "issue_client_certificate": false
                  }
                ],
                "client_key": "",
                "cluster_ca_certificate": "LS0tLS1CRUdJTiBDRVJUSUZJQ0FURS0tLS0tCk1JSURLakNDQWhLZ0F3SUJBZ0lRZHhwc0tUOVZTTUV0VUlEQjRZWXVyakFOQmdrcWhraUc5dzBCQVFzRkFEQXYKTVMwd0t3WURWUVFERXlSa1pUVmtZbVV6TVMwMk4yWTFMVFE1TXpJdE9Ua3pOUzAwTVdGaFpqUmtNRFF4TkdRdwpIaGNOTWpBd09UTXdNRGt4TlRJd1doY05NalV3T1RJNU1UQXhOVEl3V2pBdk1TMHdLd1lEVlFRREV5UmtaVFZrClltVXpNUzAyTjJZMUxUUTVNekl0T1Rrek5TMDBNV0ZoWmpSa01EUXhOR1F3Z2dFaU1BMEdDU3FHU0liM0RRRUIKQVFVQUE0SUJEd0F3Z2dFS0FvSUJBUURFTHBaWEo3dmpxcGJ4QUZLQnE5UjlnM0YyemFoNGY2QXZaUUdsNnM3NQpiUUx2K3dnY2lTcXY0YWkrWmJWQ1VQOWhQb3FVT1NYck1tbUNLVGpCQTRueVJRRmNueUlxRU5ZenhtODhsSmhwCkRaRGlzSlVyckl2RjQ4QlZhNmEzbndHd3FnOTI0K0ZCTEtpVmpxWTlHbzYxM20rMDRtUFRUMm1vTSs5SVVPU1EKSG9ybk11V2RVVlRLSGJCOWxBZTFXdmoxdE9TKzVZUXk1ZXpyMUQyMXRpeE41UjhXWlNHeHJpSjJWU2c1OGMrMwpxQnRkM2RxZ1BLT041cWV0V0tuYUcyR1llUW1BM2hJOUJ0TmFUSy9HM3FKam82ZStRMUppcWZBaFljMVZqS0hYClNVak9Ba2RvWVpCTG9XSU5TL3lFRi9UUmtIRDJFU3MvaVJNTVNScXlHVlFuQWdNQkFBR2pRakJBTUE0R0ExVWQKRHdFQi93UUVBd0lDQkRBUEJnTlZIUk1CQWY4RUJUQURBUUgvTUIwR0ExVWREZ1FXQkJRSE12RmwzNG1jdk1vRQp0d3dNUUxPWHhnSk1EREFOQmdrcWhraUc5dzBCQVFzRkFBT0NBUUVBWHpCZmdRZ0Exb2hGdFZ6WHdDZ0lRamN2CjkzRVNyWE9ESTNMWW5vb0ZpZnQyN3krL2ZDYVlJZk4yT2hoRExqbFZ0TWRGQndrUFBPN20vTzNNcXpEbzZ0VzgKUnNRNFlXWnQyMnFwZzdud1R0VlVzdDJSZmpTN0lzRDdQbWg2dnZlMk5VNWxwMSt3WXRVYndhdjQ0d3JGeUZleAo2alcyS2g0Y2djV0JGUXdEMFVRNm0yNCtlYWd5SDBRQlp2TThxSjR0bDBMQ1M2aHFFMXlkZEhjRjdLc2lEV25ZClI4SGI2QUFFMHR6WFNGS3JtZmZFSmUyVUEvdnVrUXdNSklod29FTlRXZEpVUVpHS3ZDeVdKSHhSTzFQTFZlNGoKUVBxKzFRYWRML3VqOWxSdXlDWGQzNjFBL0dlQUppUEQwSXg2VWc2K0c2OTVmN0pFbHQva3p4QnRmQlphRUE9PQotLS0tLUVORCBDRVJUSUZJQ0FURS0tLS0tCg==",
                "password": "",
                "username": ""
              }
            ],
            "master_authorized_networks_config": [],
            "master_version": "1.17.9-gke.6300",
            "min_master_version": "1.17.9-gke.6300",
            "monitoring_service": "monitoring.googleapis.com/kubernetes",
            "name": "dev-cluster",
            "network": "projects/vadim-fedorenko-internship/global/networks/dev-vpc",
            "network_policy": [
              {
                "enabled": true,
                "provider": "CALICO"
              }
            ],
            "node_config": [
              {
                "disk_size_gb": 100,
                "disk_type": "pd-standard",
                "guest_accelerator": [],
                "image_type": "COS",
                "labels": {
                  "cluster_name": "dev-cluster",
                  "node_pool": "dev-node-pool"
                },
                "local_ssd_count": 0,
                "machine_type": "g1-small",
                "metadata": {
                  "cluster_name": "dev-cluster",
                  "disable-legacy-endpoints": "true",
                  "node_pool": "dev-node-pool"
                },
                "min_cpu_platform": "",
                "oauth_scopes": [
                  "https://www.googleapis.com/auth/cloud-platform"
                ],
                "preemptible": true,
                "service_account": "tf-gke-dev-cluster-owr7@vadim-fedorenko-internship.iam.gserviceaccount.com",
                "shielded_instance_config": [
                  {
                    "enable_integrity_monitoring": true,
                    "enable_secure_boot": false
                  }
                ],
                "tags": [
                  "gke-dev-cluster",
                  "gke-dev-cluster-dev-node-pool"
                ],
                "taint": [],
                "workload_metadata_config": []
              }
            ],
            "node_locations": [
              "us-central1-c"
            ],
            "node_pool": [
              {
                "autoscaling": [
                  {
                    "max_node_count": 3,
                    "min_node_count": 1
                  }
                ],
                "initial_node_count": 1,
                "instance_group_urls": [
                  "https://www.googleapis.com/compute/v1/projects/vadim-fedorenko-internship/zones/us-central1-c/instanceGroupManagers/gke-dev-cluster-dev-node-pool-1ac07aeb-grp"
                ],
                "management": [
                  {
                    "auto_repair": true,
                    "auto_upgrade": true
                  }
                ],
                "max_pods_per_node": 110,
                "name": "dev-node-pool",
                "name_prefix": "",
                "node_config": [
                  {
                    "disk_size_gb": 100,
                    "disk_type": "pd-standard",
                    "guest_accelerator": [],
                    "image_type": "COS",
                    "labels": {
                      "cluster_name": "dev-cluster",
                      "node_pool": "dev-node-pool"
                    },
                    "local_ssd_count": 0,
                    "machine_type": "g1-small",
                    "metadata": {
                      "cluster_name": "dev-cluster",
                      "disable-legacy-endpoints": "true",
                      "node_pool": "dev-node-pool"
                    },
                    "min_cpu_platform": "",
                    "oauth_scopes": [
                      "https://www.googleapis.com/auth/cloud-platform"
                    ],
                    "preemptible": true,
                    "service_account": "tf-gke-dev-cluster-owr7@vadim-fedorenko-internship.iam.gserviceaccount.com",
                    "shielded_instance_config": [
                      {
                        "enable_integrity_monitoring": true,
                        "enable_secure_boot": false
                      }
                    ],
                    "tags": [
                      "gke-dev-cluster",
                      "gke-dev-cluster-dev-node-pool"
                    ],
                    "taint": [],
                    "workload_metadata_config": []
                  }
                ],
                "node_count": 2,
                "node_locations": [
                  "us-central1-c"
                ],
                "upgrade_settings": [
                  {
                    "max_surge": 1,
                    "max_unavailable": 0
                  }
                ],
                "version": "1.17.9-gke.6300"
              }
            ],
            "node_version": "1.17.9-gke.6300",
            "operation": null,
            "pod_security_policy_config": [],
            "private_cluster_config": [],
            "project": "vadim-fedorenko-internship",
            "release_channel": [
              {
                "channel": "UNSPECIFIED"
              }
            ],
            "remove_default_node_pool": true,
            "resource_labels": {},
            "resource_usage_export_config": [],
            "self_link": "https://container.googleapis.com/v1beta1/projects/vadim-fedorenko-internship/locations/us-central1/clusters/dev-cluster",
            "services_ipv4_cidr": "10.188.0.0/20",
            "subnetwork": "projects/vadim-fedorenko-internship/regions/us-central1/subnetworks/dev-subnet",
            "timeouts": {
              "create": "45m",
              "delete": "45m",
              "read": null,
              "update": "45m"
            },
            "vertical_pod_autoscaling": [],
            "workload_identity_config": []
          },
          "private": "eyJlMmJmYjczMC1lY2FhLTExZTYtOGY4OC0zNDM2M2JjN2M0YzAiOnsiY3JlYXRlIjoyNzAwMDAwMDAwMDAwLCJkZWxldGUiOjI3MDAwMDAwMDAwMDAsInJlYWQiOjI0MDAwMDAwMDAwMDAsInVwZGF0ZSI6MjcwMDAwMDAwMDAwMH0sInNjaGVtYV92ZXJzaW9uIjoiMSJ9",
          "dependencies": [
            "module.gke.module.gke.data.google_compute_zones.available",
            "module.gke.module.gke.data.google_container_engine_versions.region",
            "module.gke.module.gke.data.google_container_engine_versions.zone",
            "module.gke.module.gke.google_service_account.cluster_service_account",
            "module.gke.module.gke.random_shuffle.available_zones",
            "module.gke.module.gke.random_string.cluster_service_account_suffix",
            "module.vpc.module.vpc.module.subnets.google_compute_subnetwork.subnetwork",
            "module.vpc.module.vpc.module.vpc.google_compute_network.network"
          ]
        }
      ]
    },
    {
      "module": "module.gke.module.gke",
      "mode": "managed",
      "type": "google_container_node_pool",
      "name": "pools",
      "provider": "provider[\"registry.terraform.io/hashicorp/google\"]",
      "instances": [
        {
          "index_key": "dev-node-pool",
          "schema_version": 1,
          "attributes": {
            "autoscaling": [
              {
                "max_node_count": 3,
                "min_node_count": 1
              }
            ],
            "cluster": "dev-cluster",
            "id": "projects/vadim-fedorenko-internship/locations/us-central1/clusters/dev-cluster/nodePools/dev-node-pool",
            "initial_node_count": 1,
            "instance_group_urls": [
              "https://www.googleapis.com/compute/v1/projects/vadim-fedorenko-internship/zones/us-central1-c/instanceGroupManagers/gke-dev-cluster-dev-node-pool-1ac07aeb-grp"
            ],
            "location": "us-central1",
            "management": [
              {
                "auto_repair": true,
                "auto_upgrade": true
              }
            ],
            "max_pods_per_node": 110,
            "name": "dev-node-pool",
            "name_prefix": "",
            "node_config": [
              {
                "disk_size_gb": 100,
                "disk_type": "pd-standard",
                "guest_accelerator": [],
                "image_type": "COS",
                "labels": {
                  "cluster_name": "dev-cluster",
                  "node_pool": "dev-node-pool"
                },
                "local_ssd_count": 0,
                "machine_type": "g1-small",
                "metadata": {
                  "cluster_name": "dev-cluster",
                  "disable-legacy-endpoints": "true",
                  "node_pool": "dev-node-pool"
                },
                "min_cpu_platform": "",
                "oauth_scopes": [
                  "https://www.googleapis.com/auth/cloud-platform"
                ],
                "preemptible": true,
                "service_account": "tf-gke-dev-cluster-owr7@vadim-fedorenko-internship.iam.gserviceaccount.com",
                "shielded_instance_config": [
                  {
                    "enable_integrity_monitoring": true,
                    "enable_secure_boot": false
                  }
                ],
                "tags": [
                  "gke-dev-cluster",
                  "gke-dev-cluster-dev-node-pool"
                ],
                "taint": [],
                "workload_metadata_config": []
              }
            ],
            "node_count": 2,
            "node_locations": [
              "us-central1-c"
            ],
            "project": "vadim-fedorenko-internship",
            "timeouts": {
              "create": "45m",
              "delete": "45m",
              "update": "45m"
            },
            "upgrade_settings": [
              {
                "max_surge": 1,
                "max_unavailable": 0
              }
            ],
            "version": "1.17.9-gke.6300"
          },
          "private": "eyJlMmJmYjczMC1lY2FhLTExZTYtOGY4OC0zNDM2M2JjN2M0YzAiOnsiY3JlYXRlIjoyNzAwMDAwMDAwMDAwLCJkZWxldGUiOjI3MDAwMDAwMDAwMDAsInVwZGF0ZSI6MjcwMDAwMDAwMDAwMH0sInNjaGVtYV92ZXJzaW9uIjoiMSJ9",
          "dependencies": [
            "module.gke.module.gke.data.google_compute_zones.available",
            "module.gke.module.gke.data.google_container_engine_versions.region",
            "module.gke.module.gke.data.google_container_engine_versions.zone",
            "module.gke.module.gke.google_container_cluster.primary",
            "module.gke.module.gke.google_service_account.cluster_service_account",
            "module.gke.module.gke.random_shuffle.available_zones",
            "module.gke.module.gke.random_string.cluster_service_account_suffix",
            "module.vpc.module.vpc.module.subnets.google_compute_subnetwork.subnetwork",
            "module.vpc.module.vpc.module.vpc.google_compute_network.network"
          ]
        }
      ]
    },
    {
      "module": "module.gke.module.gke",
      "mode": "managed",
      "type": "google_project_iam_member",
      "name": "cluster_service_account-log_writer",
      "provider": "provider[\"registry.terraform.io/hashicorp/google\"]",
      "instances": [
        {
          "index_key": 0,
          "schema_version": 0,
          "attributes": {
            "condition": [],
            "etag": "BwWwhxXHcJA=",
            "id": "vadim-fedorenko-internship/roles/logging.logWriter/serviceaccount:tf-gke-dev-cluster-owr7@vadim-fedorenko-internship.iam.gserviceaccount.com",
            "member": "serviceAccount:tf-gke-dev-cluster-owr7@vadim-fedorenko-internship.iam.gserviceaccount.com",
            "project": "vadim-fedorenko-internship",
            "role": "roles/logging.logWriter"
          },
          "private": "bnVsbA==",
          "dependencies": [
            "module.gke.module.gke.google_service_account.cluster_service_account"
          ]
        }
      ]
    },
    {
      "module": "module.gke.module.gke",
      "mode": "managed",
      "type": "google_project_iam_member",
      "name": "cluster_service_account-metric_writer",
      "provider": "provider[\"registry.terraform.io/hashicorp/google\"]",
      "instances": [
        {
          "index_key": 0,
          "schema_version": 0,
          "attributes": {
            "condition": [],
            "etag": "BwWwhxZyzB4=",
            "id": "vadim-fedorenko-internship/roles/monitoring.metricWriter/serviceaccount:tf-gke-dev-cluster-owr7@vadim-fedorenko-internship.iam.gserviceaccount.com",
            "member": "serviceAccount:tf-gke-dev-cluster-owr7@vadim-fedorenko-internship.iam.gserviceaccount.com",
            "project": "vadim-fedorenko-internship",
            "role": "roles/monitoring.metricWriter"
          },
          "private": "bnVsbA==",
          "dependencies": [
            "module.gke.module.gke.google_project_iam_member.cluster_service_account-log_writer",
            "module.gke.module.gke.google_service_account.cluster_service_account"
          ]
        }
      ]
    },
    {
      "module": "module.gke.module.gke",
      "mode": "managed",
      "type": "google_project_iam_member",
      "name": "cluster_service_account-monitoring_viewer",
      "provider": "provider[\"registry.terraform.io/hashicorp/google\"]",
      "instances": [
        {
          "index_key": 0,
          "schema_version": 0,
          "attributes": {
            "condition": [],
            "etag": "BwWwhxctlhc=",
            "id": "vadim-fedorenko-internship/roles/monitoring.viewer/serviceaccount:tf-gke-dev-cluster-owr7@vadim-fedorenko-internship.iam.gserviceaccount.com",
            "member": "serviceAccount:tf-gke-dev-cluster-owr7@vadim-fedorenko-internship.iam.gserviceaccount.com",
            "project": "vadim-fedorenko-internship",
            "role": "roles/monitoring.viewer"
          },
          "private": "bnVsbA==",
          "dependencies": [
            "module.gke.module.gke.google_project_iam_member.cluster_service_account-log_writer",
            "module.gke.module.gke.google_project_iam_member.cluster_service_account-metric_writer",
            "module.gke.module.gke.google_service_account.cluster_service_account"
          ]
        }
      ]
    },
    {
      "module": "module.gke.module.gke",
      "mode": "managed",
      "type": "google_project_iam_member",
      "name": "cluster_service_account-resourceMetadata-writer",
      "provider": "provider[\"registry.terraform.io/hashicorp/google\"]",
      "instances": [
        {
          "index_key": 0,
          "schema_version": 0,
          "attributes": {
            "condition": [],
            "etag": "BwWwhxfuIPE=",
            "id": "vadim-fedorenko-internship/roles/stackdriver.resourceMetadata.writer/serviceaccount:tf-gke-dev-cluster-owr7@vadim-fedorenko-internship.iam.gserviceaccount.com",
            "member": "serviceAccount:tf-gke-dev-cluster-owr7@vadim-fedorenko-internship.iam.gserviceaccount.com",
            "project": "vadim-fedorenko-internship",
            "role": "roles/stackdriver.resourceMetadata.writer"
          },
          "private": "bnVsbA==",
          "dependencies": [
            "module.gke.module.gke.google_project_iam_member.cluster_service_account-log_writer",
            "module.gke.module.gke.google_project_iam_member.cluster_service_account-metric_writer",
            "module.gke.module.gke.google_project_iam_member.cluster_service_account-monitoring_viewer",
            "module.gke.module.gke.google_service_account.cluster_service_account"
          ]
        }
      ]
    },
    {
      "module": "module.gke.module.gke",
      "mode": "managed",
      "type": "google_service_account",
      "name": "cluster_service_account",
      "provider": "provider[\"registry.terraform.io/hashicorp/google\"]",
      "instances": [
        {
          "index_key": 0,
          "schema_version": 0,
          "attributes": {
            "account_id": "tf-gke-dev-cluster-owr7",
            "description": "",
            "display_name": "Terraform-managed service account for cluster dev-cluster",
            "email": "tf-gke-dev-cluster-owr7@vadim-fedorenko-internship.iam.gserviceaccount.com",
            "id": "projects/vadim-fedorenko-internship/serviceAccounts/tf-gke-dev-cluster-owr7@vadim-fedorenko-internship.iam.gserviceaccount.com",
            "name": "projects/vadim-fedorenko-internship/serviceAccounts/tf-gke-dev-cluster-owr7@vadim-fedorenko-internship.iam.gserviceaccount.com",
            "project": "vadim-fedorenko-internship",
            "timeouts": null,
            "unique_id": "100266290825672082913"
          },
          "private": "eyJlMmJmYjczMC1lY2FhLTExZTYtOGY4OC0zNDM2M2JjN2M0YzAiOnsiY3JlYXRlIjozMDAwMDAwMDAwMDB9fQ==",
          "dependencies": [
            "module.gke.module.gke.random_string.cluster_service_account_suffix"
          ]
        }
      ]
    },
    {
      "module": "module.gke.module.gke",
      "mode": "managed",
      "type": "random_shuffle",
      "name": "available_zones",
      "provider": "provider[\"registry.terraform.io/hashicorp/random\"]",
      "instances": [
        {
          "schema_version": 0,
          "attributes": {
            "id": "-",
            "input": [
              "us-central1-a",
              "us-central1-b",
              "us-central1-c",
              "us-central1-f"
            ],
            "keepers": null,
            "result": [
              "us-central1-c",
              "us-central1-b",
              "us-central1-f"
            ],
            "result_count": 3,
            "seed": null
          },
          "private": "bnVsbA==",
          "dependencies": [
            "module.gke.module.gke.data.google_compute_zones.available"
          ]
        }
      ]
    },
    {
      "module": "module.gke.module.gke",
      "mode": "managed",
      "type": "random_string",
      "name": "cluster_service_account_suffix",
      "provider": "provider[\"registry.terraform.io/hashicorp/random\"]",
      "instances": [
        {
          "schema_version": 1,
          "attributes": {
            "id": "owr7",
            "keepers": null,
            "length": 4,
            "lower": true,
            "min_lower": 0,
            "min_numeric": 0,
            "min_special": 0,
            "min_upper": 0,
            "number": true,
            "override_special": null,
            "result": "owr7",
            "special": false,
            "upper": false
          },
          "private": "eyJzY2hlbWFfdmVyc2lvbiI6IjEifQ=="
        }
      ]
    },
    {
      "module": "module.gke.module.gke.module.gcloud_delete_default_kube_dns_configmap.module.gcloud_kubectl",
      "mode": "data",
      "type": "external",
      "name": "env_override",
      "provider": "provider[\"registry.terraform.io/hashicorp/external\"]",
      "instances": [
        {
          "schema_version": 0,
          "attributes": {
            "id": "-",
            "program": [
              ".terraform/modules/gke.gke.gcloud_delete_default_kube_dns_configmap/scripts/check_env.sh"
            ],
            "query": null,
            "result": {
              "download": ""
            },
            "working_dir": null
          }
        }
      ]
    },
    {
      "module": "module.gke.module.gke.module.gcloud_delete_default_kube_dns_configmap.module.gcloud_kubectl",
      "mode": "managed",
      "type": "null_resource",
      "name": "module_depends_on",
      "provider": "provider[\"registry.terraform.io/hashicorp/null\"]",
      "instances": [
        {
          "index_key": 0,
          "schema_version": 0,
          "attributes": {
            "id": "4345187754906293863",
            "triggers": {
              "value": "3"
            }
          },
          "dependencies": [
            "module.gke.module.gke.data.google_client_config.default",
            "module.gke.module.gke.data.google_compute_zones.available",
            "module.gke.module.gke.data.google_container_engine_versions.region",
            "module.gke.module.gke.data.google_container_engine_versions.zone",
            "module.gke.module.gke.google_container_cluster.primary",
            "module.gke.module.gke.google_container_node_pool.pools",
            "module.gke.module.gke.google_service_account.cluster_service_account",
            "module.gke.module.gke.random_shuffle.available_zones",
            "module.gke.module.gke.random_string.cluster_service_account_suffix",
            "module.vpc.module.vpc.module.subnets.google_compute_subnetwork.subnetwork",
            "module.vpc.module.vpc.module.vpc.google_compute_network.network"
          ]
        }
      ]
    },
    {
      "module": "module.gke.module.gke.module.gcloud_wait_for_cluster",
      "mode": "data",
      "type": "external",
      "name": "env_override",
      "provider": "provider[\"registry.terraform.io/hashicorp/external\"]",
      "instances": [
        {
          "schema_version": 0,
          "attributes": {
            "id": "-",
            "program": [
              ".terraform/modules/gke.gke.gcloud_wait_for_cluster/scripts/check_env.sh"
            ],
            "query": null,
            "result": {
              "download": ""
            },
            "working_dir": null
          }
        }
      ]
    },
    {
      "module": "module.gke.module.gke.module.gcloud_wait_for_cluster",
      "mode": "managed",
      "type": "null_resource",
      "name": "module_depends_on",
      "provider": "provider[\"registry.terraform.io/hashicorp/null\"]",
      "instances": [
        {
          "index_key": 0,
          "schema_version": 0,
          "attributes": {
            "id": "5009086956945620281",
            "triggers": {
              "value": "2"
            }
          },
          "dependencies": [
            "module.gke.module.gke.data.google_compute_zones.available",
            "module.gke.module.gke.data.google_container_engine_versions.region",
            "module.gke.module.gke.data.google_container_engine_versions.zone",
            "module.gke.module.gke.google_container_cluster.primary",
            "module.gke.module.gke.google_container_node_pool.pools",
            "module.gke.module.gke.google_service_account.cluster_service_account",
            "module.gke.module.gke.random_shuffle.available_zones",
            "module.gke.module.gke.random_string.cluster_service_account_suffix",
            "module.vpc.module.vpc.module.subnets.google_compute_subnetwork.subnetwork",
            "module.vpc.module.vpc.module.vpc.google_compute_network.network"
          ]
        }
      ]
    },
    {
      "module": "module.redis_db",
      "mode": "managed",
      "type": "google_project_service",
      "name": "redis",
      "provider": "provider[\"registry.terraform.io/hashicorp/google\"]",
      "instances": [
        {
          "index_key": 0,
          "schema_version": 0,
          "attributes": {
            "disable_dependent_services": null,
            "disable_on_destroy": true,
            "id": "vadim-fedorenko-internship/redis.googleapis.com",
            "project": "vadim-fedorenko-internship",
            "service": "redis.googleapis.com",
            "timeouts": null
          },
          "private": "eyJlMmJmYjczMC1lY2FhLTExZTYtOGY4OC0zNDM2M2JjN2M0YzAiOnsiY3JlYXRlIjoxMjAwMDAwMDAwMDAwLCJkZWxldGUiOjEyMDAwMDAwMDAwMDAsInJlYWQiOjYwMDAwMDAwMDAwMCwidXBkYXRlIjoxMjAwMDAwMDAwMDAwfX0="
        }
      ]
    },
    {
      "module": "module.redis_db",
      "mode": "managed",
      "type": "google_redis_instance",
      "name": "default",
      "provider": "provider[\"registry.terraform.io/hashicorp/google\"]",
      "instances": [
        {
          "schema_version": 0,
          "attributes": {
            "alternative_location_id": "us-central1-f",
            "authorized_network": "projects/vadim-fedorenko-internship/global/networks/dev-vpc",
            "connect_mode": "DIRECT_PEERING",
            "create_time": "2020-09-30T10:15:12.407159515Z",
            "current_location_id": "us-central1-c",
            "display_name": "",
            "host": "10.16.5.28",
            "id": "projects/vadim-fedorenko-internship/locations/us-central1/instances/dev-redis",
            "labels": {},
            "location_id": "us-central1-c",
            "memory_size_gb": 1,
            "name": "dev-redis",
            "persistence_iam_identity": "serviceAccount:440529231483-compute@developer.gserviceaccount.com",
            "port": 6379,
            "project": "vadim-fedorenko-internship",
            "redis_configs": {},
            "redis_version": "REDIS_4_0",
            "region": "us-central1",
            "reserved_ip_range": "10.16.5.24/29",
            "tier": "STANDARD_HA",
            "timeouts": null
          },
          "private": "eyJlMmJmYjczMC1lY2FhLTExZTYtOGY4OC0zNDM2M2JjN2M0YzAiOnsiY3JlYXRlIjo2MDAwMDAwMDAwMDAsImRlbGV0ZSI6NjAwMDAwMDAwMDAwLCJ1cGRhdGUiOjYwMDAwMDAwMDAwMH19",
          "dependencies": [
            "module.redis_db.google_project_service.redis"
          ]
        }
      ]
    },
    {
      "module": "module.vpc.module.vpc.module.subnets",
      "mode": "managed",
      "type": "google_compute_subnetwork",
      "name": "subnetwork",
      "provider": "provider[\"registry.terraform.io/hashicorp/google\"]",
      "instances": [
        {
          "index_key": "us-central1/dev-subnet",
          "schema_version": 0,
          "attributes": {
            "creation_timestamp": "2020-09-30T03:14:45.479-07:00",
            "description": "VPC subnetwork",
            "fingerprint": null,
            "gateway_address": "10.183.0.1",
            "id": "projects/vadim-fedorenko-internship/regions/us-central1/subnetworks/dev-subnet",
            "ip_cidr_range": "10.183.0.0/20",
            "log_config": [
              {
                "aggregation_interval": "INTERVAL_5_SEC",
                "filter_expr": "true",
                "flow_sampling": 0.5,
                "metadata": "INCLUDE_ALL_METADATA",
                "metadata_fields": []
              }
            ],
            "name": "dev-subnet",
            "network": "https://www.googleapis.com/compute/v1/projects/vadim-fedorenko-internship/global/networks/dev-vpc",
            "private_ip_google_access": true,
            "project": "vadim-fedorenko-internship",
            "region": "us-central1",
            "secondary_ip_range": [
              {
                "ip_cidr_range": "10.184.0.0/14",
                "range_name": "dev-subnet-pods"
              },
              {
                "ip_cidr_range": "10.188.0.0/20",
                "range_name": "dev-subnet-services"
              }
            ],
            "self_link": "https://www.googleapis.com/compute/v1/projects/vadim-fedorenko-internship/regions/us-central1/subnetworks/dev-subnet",
            "timeouts": null
          },
          "private": "eyJlMmJmYjczMC1lY2FhLTExZTYtOGY4OC0zNDM2M2JjN2M0YzAiOnsiY3JlYXRlIjozNjAwMDAwMDAwMDAsImRlbGV0ZSI6MzYwMDAwMDAwMDAwLCJ1cGRhdGUiOjM2MDAwMDAwMDAwMH19",
          "dependencies": [
            "module.vpc.module.vpc.module.vpc.google_compute_network.network"
          ]
        }
      ]
    },
    {
      "module": "module.vpc.module.vpc.module.vpc",
      "mode": "managed",
      "type": "google_compute_network",
      "name": "network",
      "provider": "provider[\"registry.terraform.io/hashicorp/google\"]",
      "instances": [
        {
          "schema_version": 0,
          "attributes": {
            "auto_create_subnetworks": false,
            "delete_default_routes_on_create": false,
            "description": "",
            "gateway_ipv4": "",
            "id": "projects/vadim-fedorenko-internship/global/networks/dev-vpc",
            "name": "dev-vpc",
            "project": "vadim-fedorenko-internship",
            "routing_mode": "GLOBAL",
            "self_link": "https://www.googleapis.com/compute/v1/projects/vadim-fedorenko-internship/global/networks/dev-vpc",
            "timeouts": null
          },
          "private": "eyJlMmJmYjczMC1lY2FhLTExZTYtOGY4OC0zNDM2M2JjN2M0YzAiOnsiY3JlYXRlIjoyNDAwMDAwMDAwMDAsImRlbGV0ZSI6MjQwMDAwMDAwMDAwLCJ1cGRhdGUiOjI0MDAwMDAwMDAwMH19"
        }
      ]
    }
  ]
}
